
Microsoft Visual Studio Solution File, Format Version 12.00
# Visual Studio Version 16
VisualStudioVersion = 16.0.29806.167
MinimumVisualStudioVersion = 10.0.40219.1
Project("{9A19103F-16F7-4668-BE54-9A1E7A4F7556}") = "CoffeeCard.WebApi", "CoffeeCard.WebApi\CoffeeCard.WebApi.csproj", "{6D7D49A1-44ED-4013-9EDD-AB2A4A219E2B}"
EndProject
Project("{9A19103F-16F7-4668-BE54-9A1E7A4F7556}") = "CoffeeCard.Tests.Unit", "CoffeeCard.Tests.Unit\CoffeeCard.Tests.Unit.csproj", "{54B20DD7-5137-4DA2-AFDF-508C01BAF5C7}"
EndProject
Project("{9A19103F-16F7-4668-BE54-9A1E7A4F7556}") = "CoffeeCard.Tests.Integration", "CoffeeCard.Tests.Integration\CoffeeCard.Tests.Integration.csproj", "{53E0DA17-D139-4D59-9143-68DD808D0E8A}"
EndProject
Project("{9A19103F-16F7-4668-BE54-9A1E7A4F7556}") = "CoffeeCard.MobilePay", "CoffeeCard.MobilePay\CoffeeCard.MobilePay.csproj", "{32D53101-7672-41BF-AC38-9BAC9971B48E}"
EndProject
Project("{9A19103F-16F7-4668-BE54-9A1E7A4F7556}") = "CoffeeCard.Common", "CoffeeCard.Common\CoffeeCard.Common.csproj", "{2CCAF827-E341-48FC-ABCE-7EDFA3E84E65}"
EndProject
Project("{9A19103F-16F7-4668-BE54-9A1E7A4F7556}") = "CoffeeCard.Library", "CoffeeCard.Library\CoffeeCard.Library.csproj", "{F05C6E90-C02D-43BF-8BBB-615785C465DF}"
EndProject
Project("{9A19103F-16F7-4668-BE54-9A1E7A4F7556}") = "CoffeeCard.Models", "CoffeeCard.Models\CoffeeCard.Models.csproj", "{0BF48733-C3DF-4006-BD25-F5340710B5FA}"
EndProject
Project("{9A19103F-16F7-4668-BE54-9A1E7A4F7556}") = "CoffeeCard.MobilePay.GenerateApi", "CoffeeCard.MobilePay.GenerateApi\CoffeeCard.MobilePay.GenerateApi.csproj", "{D295CCD7-DDB7-477D-82B6-53AFA97F5749}"
EndProject
Project("{9A19103F-16F7-4668-BE54-9A1E7A4F7556}") = "CoffeeCard.Common.Test", "CoffeeCard.Tests.Common\CoffeeCard.Tests.Common.csproj", "{938E0AD9-C1C8-4C10-B9FB-DD279DAD4D0B}"
EndProject
Project("{FAE04EC0-301F-11D3-BF4B-00C04F79EFBC}") = "CoffeeCard.Generators", "CoffeeCard.Generators\CoffeeCard.Generators.csproj", "{BE332D7E-FD07-4878-B7E3-A06988F0C382}"
EndProject
Project("{2150E333-8FDC-42A3-9474-1A3956D46DE8}") = "Test", "Test", "{8B8D77AC-B5DE-42F3-BB06-744D4AD53875}"
EndProject
Project("{2150E333-8FDC-42A3-9474-1A3956D46DE8}") = "Src", "Src", "{36F83B06-2D19-459B-AB65-2C17BB230C1C}"
EndProject
Global
	GlobalSection(SolutionConfigurationPlatforms) = preSolution
		Debug|Any CPU = Debug|Any CPU
		Release|Any CPU = Release|Any CPU
	EndGlobalSection
	GlobalSection(ProjectConfigurationPlatforms) = postSolution
		{6D7D49A1-44ED-4013-9EDD-AB2A4A219E2B}.Debug|Any CPU.ActiveCfg = Debug|Any CPU
		{6D7D49A1-44ED-4013-9EDD-AB2A4A219E2B}.Debug|Any CPU.Build.0 = Debug|Any CPU
		{6D7D49A1-44ED-4013-9EDD-AB2A4A219E2B}.Release|Any CPU.ActiveCfg = Release|Any CPU
		{6D7D49A1-44ED-4013-9EDD-AB2A4A219E2B}.Release|Any CPU.Build.0 = Release|Any CPU
		{54B20DD7-5137-4DA2-AFDF-508C01BAF5C7}.Debug|Any CPU.ActiveCfg = Debug|Any CPU
		{54B20DD7-5137-4DA2-AFDF-508C01BAF5C7}.Debug|Any CPU.Build.0 = Debug|Any CPU
		{54B20DD7-5137-4DA2-AFDF-508C01BAF5C7}.Release|Any CPU.ActiveCfg = Release|Any CPU
		{54B20DD7-5137-4DA2-AFDF-508C01BAF5C7}.Release|Any CPU.Build.0 = Release|Any CPU
		{53E0DA17-D139-4D59-9143-68DD808D0E8A}.Debug|Any CPU.ActiveCfg = Debug|Any CPU
		{53E0DA17-D139-4D59-9143-68DD808D0E8A}.Debug|Any CPU.Build.0 = Debug|Any CPU
		{53E0DA17-D139-4D59-9143-68DD808D0E8A}.Release|Any CPU.ActiveCfg = Release|Any CPU
		{53E0DA17-D139-4D59-9143-68DD808D0E8A}.Release|Any CPU.Build.0 = Release|Any CPU
		{32D53101-7672-41BF-AC38-9BAC9971B48E}.Debug|Any CPU.ActiveCfg = Debug|Any CPU
		{32D53101-7672-41BF-AC38-9BAC9971B48E}.Debug|Any CPU.Build.0 = Debug|Any CPU
		{32D53101-7672-41BF-AC38-9BAC9971B48E}.Release|Any CPU.ActiveCfg = Release|Any CPU
		{32D53101-7672-41BF-AC38-9BAC9971B48E}.Release|Any CPU.Build.0 = Release|Any CPU
		{2CCAF827-E341-48FC-ABCE-7EDFA3E84E65}.Debug|Any CPU.ActiveCfg = Debug|Any CPU
		{2CCAF827-E341-48FC-ABCE-7EDFA3E84E65}.Debug|Any CPU.Build.0 = Debug|Any CPU
		{2CCAF827-E341-48FC-ABCE-7EDFA3E84E65}.Release|Any CPU.ActiveCfg = Release|Any CPU
		{2CCAF827-E341-48FC-ABCE-7EDFA3E84E65}.Release|Any CPU.Build.0 = Release|Any CPU
		{F05C6E90-C02D-43BF-8BBB-615785C465DF}.Debug|Any CPU.ActiveCfg = Debug|Any CPU
		{F05C6E90-C02D-43BF-8BBB-615785C465DF}.Debug|Any CPU.Build.0 = Debug|Any CPU
		{F05C6E90-C02D-43BF-8BBB-615785C465DF}.Release|Any CPU.ActiveCfg = Release|Any CPU
		{F05C6E90-C02D-43BF-8BBB-615785C465DF}.Release|Any CPU.Build.0 = Release|Any CPU
		{0BF48733-C3DF-4006-BD25-F5340710B5FA}.Debug|Any CPU.ActiveCfg = Debug|Any CPU
		{0BF48733-C3DF-4006-BD25-F5340710B5FA}.Debug|Any CPU.Build.0 = Debug|Any CPU
		{0BF48733-C3DF-4006-BD25-F5340710B5FA}.Release|Any CPU.ActiveCfg = Release|Any CPU
		{0BF48733-C3DF-4006-BD25-F5340710B5FA}.Release|Any CPU.Build.0 = Release|Any CPU
		{D295CCD7-DDB7-477D-82B6-53AFA97F5749}.Debug|Any CPU.ActiveCfg = Debug|Any CPU
		{D295CCD7-DDB7-477D-82B6-53AFA97F5749}.Debug|Any CPU.Build.0 = Debug|Any CPU
		{D295CCD7-DDB7-477D-82B6-53AFA97F5749}.Release|Any CPU.ActiveCfg = Release|Any CPU
		{D295CCD7-DDB7-477D-82B6-53AFA97F5749}.Release|Any CPU.Build.0 = Release|Any CPU
		{938E0AD9-C1C8-4C10-B9FB-DD279DAD4D0B}.Debug|Any CPU.ActiveCfg = Debug|Any CPU
		{938E0AD9-C1C8-4C10-B9FB-DD279DAD4D0B}.Debug|Any CPU.Build.0 = Debug|Any CPU
		{938E0AD9-C1C8-4C10-B9FB-DD279DAD4D0B}.Release|Any CPU.ActiveCfg = Release|Any CPU
		{938E0AD9-C1C8-4C10-B9FB-DD279DAD4D0B}.Release|Any CPU.Build.0 = Release|Any CPU
		{BE332D7E-FD07-4878-B7E3-A06988F0C382}.Debug|Any CPU.ActiveCfg = Debug|Any CPU
		{BE332D7E-FD07-4878-B7E3-A06988F0C382}.Debug|Any CPU.Build.0 = Debug|Any CPU
		{BE332D7E-FD07-4878-B7E3-A06988F0C382}.Release|Any CPU.ActiveCfg = Release|Any CPU
		{BE332D7E-FD07-4878-B7E3-A06988F0C382}.Release|Any CPU.Build.0 = Release|Any CPU
	EndGlobalSection
	GlobalSection(SolutionProperties) = preSolution
		HideSolutionNode = FALSE
	EndGlobalSection
	GlobalSection(ExtensibilityGlobals) = postSolution
		SolutionGuid = {BF1E77ED-48F2-4F07-8BEF-6A134025AAD8}
	EndGlobalSection
	GlobalSection(NestedProjects) = preSolution
		{938E0AD9-C1C8-4C10-B9FB-DD279DAD4D0B} = {8B8D77AC-B5DE-42F3-BB06-744D4AD53875}
		{53E0DA17-D139-4D59-9143-68DD808D0E8A} = {8B8D77AC-B5DE-42F3-BB06-744D4AD53875}
		{54B20DD7-5137-4DA2-AFDF-508C01BAF5C7} = {8B8D77AC-B5DE-42F3-BB06-744D4AD53875}
		{BE332D7E-FD07-4878-B7E3-A06988F0C382} = {8B8D77AC-B5DE-42F3-BB06-744D4AD53875}
		{2CCAF827-E341-48FC-ABCE-7EDFA3E84E65} = {36F83B06-2D19-459B-AB65-2C17BB230C1C}
		{F05C6E90-C02D-43BF-8BBB-615785C465DF} = {36F83B06-2D19-459B-AB65-2C17BB230C1C}
		{32D53101-7672-41BF-AC38-9BAC9971B48E} = {36F83B06-2D19-459B-AB65-2C17BB230C1C}
		{D295CCD7-DDB7-477D-82B6-53AFA97F5749} = {36F83B06-2D19-459B-AB65-2C17BB230C1C}
		{0BF48733-C3DF-4006-BD25-F5340710B5FA} = {36F83B06-2D19-459B-AB65-2C17BB230C1C}
		{6D7D49A1-44ED-4013-9EDD-AB2A4A219E2B} = {36F83B06-2D19-459B-AB65-2C17BB230C1C}
	EndGlobalSection
EndGlobal
